
Microsoft Visual Studio Solution File, Format Version 12.00
Project("{2150E333-8FDC-42A3-9474-1A3956D46DE8}") = "src", "src", "{07DF58B8-1B88-4524-AB4C-5FE21F7A9CF5}"
EndProject
Project("{FAE04EC0-301F-11D3-BF4B-00C04F79EFBC}") = "Domain", "src\Domain\Domain.csproj", "{F2BC6E4C-F550-4BA1-B137-D79972E8377A}"
EndProject
Project("{FAE04EC0-301F-11D3-BF4B-00C04F79EFBC}") = "Application", "src\Application\Application.csproj", "{C58E232F-CED3-4E32-ACC5-5C4BB3FE6A57}"
EndProject
Project("{FAE04EC0-301F-11D3-BF4B-00C04F79EFBC}") = "Application.Contract", "src\Application.Contract\Application.Contract.csproj", "{BFEF8F05-BCF4-41EA-9348-4458C91C5AC1}"
EndProject
Project("{FAE04EC0-301F-11D3-BF4B-00C04F79EFBC}") = "Infrastructure", "src\Infrastructure\Infrastructure.csproj", "{A22AFCB5-D898-4368-89AF-1DAFEF766BF9}"
EndProject
Project("{FAE04EC0-301F-11D3-BF4B-00C04F79EFBC}") = "WebApi", "src\WebApi\WebApi.csproj", "{613B509E-E3C0-4ADF-A61A-3A041EA8A5CD}"
EndProject
Project("{FAE04EC0-301F-11D3-BF4B-00C04F79EFBC}") = "Client", "src\Client\Client\Client.csproj", "{0D9C8EF0-6F8E-48AA-9B11-F3303B728C4A}"
EndProject
Project("{2150E333-8FDC-42A3-9474-1A3956D46DE8}") = "Client", "Client", "{6AE412A5-3462-400D-83FA-819B2920C1E3}"
EndProject
Project("{FAE04EC0-301F-11D3-BF4B-00C04F79EFBC}") = "Client.Infrastructure", "src\Client\Client.Infrastructure\Client.Infrastructure.csproj", "{F9AC673C-9B1C-45FC-985E-97046086C200}"
EndProject
Global
	GlobalSection(SolutionConfigurationPlatforms) = preSolution
		Debug|Any CPU = Debug|Any CPU
		Release|Any CPU = Release|Any CPU
	EndGlobalSection
	GlobalSection(NestedProjects) = preSolution
		{F2BC6E4C-F550-4BA1-B137-D79972E8377A} = {07DF58B8-1B88-4524-AB4C-5FE21F7A9CF5}
		{C58E232F-CED3-4E32-ACC5-5C4BB3FE6A57} = {07DF58B8-1B88-4524-AB4C-5FE21F7A9CF5}
		{BFEF8F05-BCF4-41EA-9348-4458C91C5AC1} = {07DF58B8-1B88-4524-AB4C-5FE21F7A9CF5}
		{A22AFCB5-D898-4368-89AF-1DAFEF766BF9} = {07DF58B8-1B88-4524-AB4C-5FE21F7A9CF5}
		{613B509E-E3C0-4ADF-A61A-3A041EA8A5CD} = {07DF58B8-1B88-4524-AB4C-5FE21F7A9CF5}
		{6AE412A5-3462-400D-83FA-819B2920C1E3} = {07DF58B8-1B88-4524-AB4C-5FE21F7A9CF5}
		{0D9C8EF0-6F8E-48AA-9B11-F3303B728C4A} = {6AE412A5-3462-400D-83FA-819B2920C1E3}
		{F9AC673C-9B1C-45FC-985E-97046086C200} = {6AE412A5-3462-400D-83FA-819B2920C1E3}
	EndGlobalSection
	GlobalSection(ProjectConfigurationPlatforms) = postSolution
		{F2BC6E4C-F550-4BA1-B137-D79972E8377A}.Debug|Any CPU.ActiveCfg = Debug|Any CPU
		{F2BC6E4C-F550-4BA1-B137-D79972E8377A}.Debug|Any CPU.Build.0 = Debug|Any CPU
		{F2BC6E4C-F550-4BA1-B137-D79972E8377A}.Release|Any CPU.ActiveCfg = Release|Any CPU
		{F2BC6E4C-F550-4BA1-B137-D79972E8377A}.Release|Any CPU.Build.0 = Release|Any CPU
		{C58E232F-CED3-4E32-ACC5-5C4BB3FE6A57}.Debug|Any CPU.ActiveCfg = Debug|Any CPU
		{C58E232F-CED3-4E32-ACC5-5C4BB3FE6A57}.Debug|Any CPU.Build.0 = Debug|Any CPU
		{C58E232F-CED3-4E32-ACC5-5C4BB3FE6A57}.Release|Any CPU.ActiveCfg = Release|Any CPU
		{C58E232F-CED3-4E32-ACC5-5C4BB3FE6A57}.Release|Any CPU.Build.0 = Release|Any CPU
		{BFEF8F05-BCF4-41EA-9348-4458C91C5AC1}.Debug|Any CPU.ActiveCfg = Debug|Any CPU
		{BFEF8F05-BCF4-41EA-9348-4458C91C5AC1}.Debug|Any CPU.Build.0 = Debug|Any CPU
		{BFEF8F05-BCF4-41EA-9348-4458C91C5AC1}.Release|Any CPU.ActiveCfg = Release|Any CPU
		{BFEF8F05-BCF4-41EA-9348-4458C91C5AC1}.Release|Any CPU.Build.0 = Release|Any CPU
		{A22AFCB5-D898-4368-89AF-1DAFEF766BF9}.Debug|Any CPU.ActiveCfg = Debug|Any CPU
		{A22AFCB5-D898-4368-89AF-1DAFEF766BF9}.Debug|Any CPU.Build.0 = Debug|Any CPU
		{A22AFCB5-D898-4368-89AF-1DAFEF766BF9}.Release|Any CPU.ActiveCfg = Release|Any CPU
		{A22AFCB5-D898-4368-89AF-1DAFEF766BF9}.Release|Any CPU.Build.0 = Release|Any CPU
		{613B509E-E3C0-4ADF-A61A-3A041EA8A5CD}.Debug|Any CPU.ActiveCfg = Debug|Any CPU
		{613B509E-E3C0-4ADF-A61A-3A041EA8A5CD}.Debug|Any CPU.Build.0 = Debug|Any CPU
		{613B509E-E3C0-4ADF-A61A-3A041EA8A5CD}.Release|Any CPU.ActiveCfg = Release|Any CPU
		{613B509E-E3C0-4ADF-A61A-3A041EA8A5CD}.Release|Any CPU.Build.0 = Release|Any CPU
		{0D9C8EF0-6F8E-48AA-9B11-F3303B728C4A}.Debug|Any CPU.ActiveCfg = Debug|Any CPU
		{0D9C8EF0-6F8E-48AA-9B11-F3303B728C4A}.Debug|Any CPU.Build.0 = Debug|Any CPU
		{0D9C8EF0-6F8E-48AA-9B11-F3303B728C4A}.Release|Any CPU.ActiveCfg = Release|Any CPU
		{0D9C8EF0-6F8E-48AA-9B11-F3303B728C4A}.Release|Any CPU.Build.0 = Release|Any CPU
		{F9AC673C-9B1C-45FC-985E-97046086C200}.Debug|Any CPU.ActiveCfg = Debug|Any CPU
		{F9AC673C-9B1C-45FC-985E-97046086C200}.Debug|Any CPU.Build.0 = Debug|Any CPU
		{F9AC673C-9B1C-45FC-985E-97046086C200}.Release|Any CPU.ActiveCfg = Release|Any CPU
		{F9AC673C-9B1C-45FC-985E-97046086C200}.Release|Any CPU.Build.0 = Release|Any CPU
	EndGlobalSection
EndGlobal
