
Microsoft Visual Studio Solution File, Format Version 12.00
Project("{2150E333-8FDC-42A3-9474-1A3956D46DE8}") = "src", "src", "{07DF58B8-1B88-4524-AB4C-5FE21F7A9CF5}"
EndProject
Project("{2150E333-8FDC-42A3-9474-1A3956D46DE8}") = "tests", "tests", "{50FA5C5D-DBD6-4BF1-AF7F-60507CB8D07C}"
EndProject
Project("{FAE04EC0-301F-11D3-BF4B-00C04F79EFBC}") = "Domain", "src\Domain\Domain.csproj", "{F2BC6E4C-F550-4BA1-B137-D79972E8377A}"
EndProject
Project("{FAE04EC0-301F-11D3-BF4B-00C04F79EFBC}") = "Domain.Tests", "tests\Domain.Tests\Domain.Tests.csproj", "{8135423F-942E-4873-8CC8-2EAD5DA3FF25}"
EndProject
Project("{FAE04EC0-301F-11D3-BF4B-00C04F79EFBC}") = "Application", "src\Application\Application.csproj", "{C58E232F-CED3-4E32-ACC5-5C4BB3FE6A57}"
EndProject
Project("{FAE04EC0-301F-11D3-BF4B-00C04F79EFBC}") = "Application.Contract", "src\Application.Contract\Application.Contract.csproj", "{BFEF8F05-BCF4-41EA-9348-4458C91C5AC1}"
EndProject
Project("{FAE04EC0-301F-11D3-BF4B-00C04F79EFBC}") = "Infrastructure", "src\Infrastructure\Infrastructure.csproj", "{A22AFCB5-D898-4368-89AF-1DAFEF766BF9}"
EndProject
Project("{FAE04EC0-301F-11D3-BF4B-00C04F79EFBC}") = "Application.IntegrationTests", "tests\Application.IntegrationTests\Application.IntegrationTests.csproj", "{D30DCB72-C96E-4845-8C6F-B730C6F5B9C8}"
EndProject
Global
	GlobalSection(SolutionConfigurationPlatforms) = preSolution
		Debug|Any CPU = Debug|Any CPU
		Release|Any CPU = Release|Any CPU
	EndGlobalSection
	GlobalSection(NestedProjects) = preSolution
		{F2BC6E4C-F550-4BA1-B137-D79972E8377A} = {07DF58B8-1B88-4524-AB4C-5FE21F7A9CF5}
		{8135423F-942E-4873-8CC8-2EAD5DA3FF25} = {50FA5C5D-DBD6-4BF1-AF7F-60507CB8D07C}
		{C58E232F-CED3-4E32-ACC5-5C4BB3FE6A57} = {07DF58B8-1B88-4524-AB4C-5FE21F7A9CF5}
		{BFEF8F05-BCF4-41EA-9348-4458C91C5AC1} = {07DF58B8-1B88-4524-AB4C-5FE21F7A9CF5}
		{A22AFCB5-D898-4368-89AF-1DAFEF766BF9} = {07DF58B8-1B88-4524-AB4C-5FE21F7A9CF5}
		{D30DCB72-C96E-4845-8C6F-B730C6F5B9C8} = {50FA5C5D-DBD6-4BF1-AF7F-60507CB8D07C}
	EndGlobalSection
	GlobalSection(ProjectConfigurationPlatforms) = postSolution
		{F2BC6E4C-F550-4BA1-B137-D79972E8377A}.Debug|Any CPU.ActiveCfg = Debug|Any CPU
		{F2BC6E4C-F550-4BA1-B137-D79972E8377A}.Debug|Any CPU.Build.0 = Debug|Any CPU
		{F2BC6E4C-F550-4BA1-B137-D79972E8377A}.Release|Any CPU.ActiveCfg = Release|Any CPU
		{F2BC6E4C-F550-4BA1-B137-D79972E8377A}.Release|Any CPU.Build.0 = Release|Any CPU
		{8135423F-942E-4873-8CC8-2EAD5DA3FF25}.Debug|Any CPU.ActiveCfg = Debug|Any CPU
		{8135423F-942E-4873-8CC8-2EAD5DA3FF25}.Debug|Any CPU.Build.0 = Debug|Any CPU
		{8135423F-942E-4873-8CC8-2EAD5DA3FF25}.Release|Any CPU.ActiveCfg = Release|Any CPU
		{8135423F-942E-4873-8CC8-2EAD5DA3FF25}.Release|Any CPU.Build.0 = Release|Any CPU
		{C58E232F-CED3-4E32-ACC5-5C4BB3FE6A57}.Debug|Any CPU.ActiveCfg = Debug|Any CPU
		{C58E232F-CED3-4E32-ACC5-5C4BB3FE6A57}.Debug|Any CPU.Build.0 = Debug|Any CPU
		{C58E232F-CED3-4E32-ACC5-5C4BB3FE6A57}.Release|Any CPU.ActiveCfg = Release|Any CPU
		{C58E232F-CED3-4E32-ACC5-5C4BB3FE6A57}.Release|Any CPU.Build.0 = Release|Any CPU
		{BFEF8F05-BCF4-41EA-9348-4458C91C5AC1}.Debug|Any CPU.ActiveCfg = Debug|Any CPU
		{BFEF8F05-BCF4-41EA-9348-4458C91C5AC1}.Debug|Any CPU.Build.0 = Debug|Any CPU
		{BFEF8F05-BCF4-41EA-9348-4458C91C5AC1}.Release|Any CPU.ActiveCfg = Release|Any CPU
		{BFEF8F05-BCF4-41EA-9348-4458C91C5AC1}.Release|Any CPU.Build.0 = Release|Any CPU
		{A22AFCB5-D898-4368-89AF-1DAFEF766BF9}.Debug|Any CPU.ActiveCfg = Debug|Any CPU
		{A22AFCB5-D898-4368-89AF-1DAFEF766BF9}.Debug|Any CPU.Build.0 = Debug|Any CPU
		{A22AFCB5-D898-4368-89AF-1DAFEF766BF9}.Release|Any CPU.ActiveCfg = Release|Any CPU
		{A22AFCB5-D898-4368-89AF-1DAFEF766BF9}.Release|Any CPU.Build.0 = Release|Any CPU
		{D30DCB72-C96E-4845-8C6F-B730C6F5B9C8}.Debug|Any CPU.ActiveCfg = Debug|Any CPU
		{D30DCB72-C96E-4845-8C6F-B730C6F5B9C8}.Debug|Any CPU.Build.0 = Debug|Any CPU
		{D30DCB72-C96E-4845-8C6F-B730C6F5B9C8}.Release|Any CPU.ActiveCfg = Release|Any CPU
		{D30DCB72-C96E-4845-8C6F-B730C6F5B9C8}.Release|Any CPU.Build.0 = Release|Any CPU
	EndGlobalSection
EndGlobal
